
Microsoft Visual Studio Solution File, Format Version 12.00
# Visual Studio Version 17
VisualStudioVersion = 17.14.36327.8 d17.14
MinimumVisualStudioVersion = 10.0.40219.1
Project("{FAE04EC0-301F-11D3-BF4B-00C04F79EFBC}") = "Power Focus 8", "Power Focus 8\Power Focus 8.csproj", "{EB14073C-D04B-4393-A0E6-48299D4887F8}"
EndProject
Global
	GlobalSection(SolutionConfigurationPlatforms) = preSolution
		Debug|Any CPU = Debug|Any CPU
		Release|Any CPU = Release|Any CPU
	EndGlobalSection
	GlobalSection(ProjectConfigurationPlatforms) = postSolution
		{EB14073C-D04B-4393-A0E6-48299D4887F8}.Debug|Any CPU.ActiveCfg = Debug|Any CPU
		{EB14073C-D04B-4393-A0E6-48299D4887F8}.Debug|Any CPU.Build.0 = Debug|Any CPU
		{EB14073C-D04B-4393-A0E6-48299D4887F8}.Release|Any CPU.ActiveCfg = Release|Any CPU
		{EB14073C-D04B-4393-A0E6-48299D4887F8}.Release|Any CPU.Build.0 = Release|Any CPU
	EndGlobalSection
	GlobalSection(SolutionProperties) = preSolution
		HideSolutionNode = FALSE
	EndGlobalSection
	GlobalSection(ExtensibilityGlobals) = postSolution
		SolutionGuid = {B058C8C4-FBDE-413A-AA5B-18555A3389E3}
	EndGlobalSection
EndGlobal
